PODS:
  - Alamofire (4.1.0)
  - AlamofireImage (3.1.0):
    - Alamofire (~> 4.0)
  - ChameleonFramework/Default (2.1.0)
  - ChameleonFramework/Swift (2.1.0):
    - ChameleonFramework/Default
  - ConcentricProgressRingView (1.3.3):
    - LionheartExtensions
  - LionheartExtensions (2.0.6):
    - LionheartExtensions/Core (= 2.0.6)
  - LionheartExtensions/Core (2.0.6)
  - MIAlertController (1.3)

DEPENDENCIES:
  - AlamofireImage (~> 3.1)
  - ChameleonFramework/Swift (from `https://github.com/ViccAlexander/Chameleon.git`)
  - ConcentricProgressRingView (from `https://github.com/brandon05/ConcentricProgressRingView.git`)
  - MIAlertController (~> 1.3)

EXTERNAL SOURCES:
  ChameleonFramework:
    :git: https://github.com/ViccAlexander/Chameleon.git
  ConcentricProgressRingView:
    :git: https://github.com/brandon05/ConcentricProgressRingView.git

CHECKOUT OPTIONS:
  ChameleonFramework:
    :commit: dcf98f9bf3a632a7f40679b7da46f09681e48526
    :git: https://github.com/ViccAlexander/Chameleon.git
  ConcentricProgressRingView:
    :commit: 9b8a1313600fc8baff6ea6c554300c5206fd5225
    :git: https://github.com/brandon05/ConcentricProgressRingView.git

SPEC CHECKSUMS:
  Alamofire: e266cf991b933498df791e645e0d8ac294492153
  AlamofireImage: bb8c8351c51cb1633bb6be69b6dbbaff37ce65b7
  ChameleonFramework: d21a3cc247abfe5e37609a283a8238b03575cf64
  ConcentricProgressRingView: e84f17780ae1aef286cf91aa9a9e83c3dff90ea1
  LionheartExtensions: f9458a8c0a7a1603a45e0cd0522f06423ca3b145
  MIAlertController: 39277c0ea540fed8be1aba980ba076a0b49b1c22

PODFILE CHECKSUM: 75b601f0efa2f916cb2ea27de98dc739137185d4

COCOAPODS: 1.1.1
