// !$*UTF8*$!
{
	archiveVersion = 1;
	classes = {
	};
	objectVersion = 46;
	objects = {

/* Begin PBXBuildFile section */
		023C8E031E2B265C007544E5 /* AppDelegate.swift in Sources */ = {isa = PBXBuildFile; fileRef = 023C8E021E2B265C007544E5 /* AppDelegate.swift */; };
		023C8E051E2B265C007544E5 /* ViewController.swift in Sources */ = {isa = PBXBuildFile; fileRef = 023C8E041E2B265C007544E5 /* ViewController.swift */; };
		023C8E081E2B265C007544E5 /* Main.storyboard in Resources */ = {isa = PBXBuildFile; fileRef = 023C8E061E2B265C007544E5 /* Main.storyboard */; };
		023C8E0B1E2B265C007544E5 /* MovieTime.xcdatamodeld in Sources */ = {isa = PBXBuildFile; fileRef = 023C8E091E2B265C007544E5 /* MovieTime.xcdatamodeld */; };
		023C8E0D1E2B265C007544E5 /* Assets.xcassets in Resources */ = {isa = PBXBuildFile; fileRef = 023C8E0C1E2B265C007544E5 /* Assets.xcassets */; };
		023C8E101E2B265C007544E5 /* LaunchScreen.storyboard in Resources */ = {isa = PBXBuildFile; fileRef = 023C8E0E1E2B265C007544E5 /* LaunchScreen.storyboard */; };
		023C8E1B1E2B265C007544E5 /* MovieTimeTests.swift in Sources */ = {isa = PBXBuildFile; fileRef = 023C8E1A1E2B265C007544E5 /* MovieTimeTests.swift */; };
		023C8E261E2B265C007544E5 /* MovieTimeUITests.swift in Sources */ = {isa = PBXBuildFile; fileRef = 023C8E251E2B265C007544E5 /* MovieTimeUITests.swift */; };
/* End PBXBuildFile section */

/* Begin PBXContainerItemProxy section */
		023C8E171E2B265C007544E5 /* PBXContainerItemProxy */ = {
			isa = PBXContainerItemProxy;
			containerPortal = 023C8DF71E2B265B007544E5 /* Project object */;
			proxyType = 1;
			remoteGlobalIDString = 023C8DFE1E2B265B007544E5;
			remoteInfo = MovieTIme;
		};
		023C8E221E2B265C007544E5 /* PBXContainerItemProxy */ = {
			isa = PBXContainerItemProxy;
			containerPortal = 023C8DF71E2B265B007544E5 /* Project object */;
			proxyType = 1;
			remoteGlobalIDString = 023C8DFE1E2B265B007544E5;
			remoteInfo = MovieTIme;
		};
/* End PBXContainerItemProxy section */

/* Begin PBXFileReference section */
		023C8DFF1E2B265C007544E5 /* MovieTime.app */ = {isa = PBXFileReference; explicitFileType = wrapper.application; includeInIndex = 0; path = MovieTime.app; sourceTree = BUILT_PRODUCTS_DIR; };
		023C8E021E2B265C007544E5 /* AppDelegate.swift */ = {isa = PBXFileReference; lastKnownFileType = sourcecode.swift; path = AppDelegate.swift; sourceTree = "<group>"; };
		023C8E041E2B265C007544E5 /* ViewController.swift */ = {isa = PBXFileReference; lastKnownFileType = sourcecode.swift; path = ViewController.swift; sourceTree = "<group>"; };
		023C8E071E2B265C007544E5 /* Base */ = {isa = PBXFileReference; lastKnownFileType = file.storyboard; name = Base; path = Base.lproj/Main.storyboard; sourceTree = "<group>"; };
		023C8E0A1E2B265C007544E5 /* MovieTime.xcdatamodel */ = {isa = PBXFileReference; lastKnownFileType = wrapper.xcdatamodel; path = MovieTime.xcdatamodel; sourceTree = "<group>"; };
		023C8E0C1E2B265C007544E5 /* Assets.xcassets */ = {isa = PBXFileReference; lastKnownFileType = folder.assetcatalog; path = Assets.xcassets; sourceTree = "<group>"; };
		023C8E0F1E2B265C007544E5 /* Base */ = {isa = PBXFileReference; lastKnownFileType = file.storyboard; name = Base; path = Base.lproj/LaunchScreen.storyboard; sourceTree = "<group>"; };
		023C8E111E2B265C007544E5 /* Info.plist */ = {isa = PBXFileReference; lastKnownFileType = text.plist.xml; path = Info.plist; sourceTree = "<group>"; };
		023C8E161E2B265C007544E5 /* MovieTimeTests.xctest */ = {isa = PBXFileReference; explicitFileType = wrapper.cfbundle; includeInIndex = 0; path = MovieTimeTests.xctest; sourceTree = BUILT_PRODUCTS_DIR; };
		023C8E1A1E2B265C007544E5 /* MovieTimeTests.swift */ = {isa = PBXFileReference; lastKnownFileType = sourcecode.swift; path = MovieTimeTests.swift; sourceTree = "<group>"; };
		023C8E1C1E2B265C007544E5 /* Info.plist */ = {isa = PBXFileReference; lastKnownFileType = text.plist.xml; path = Info.plist; sourceTree = "<group>"; };
		023C8E211E2B265C007544E5 /* MovieTimeUITests.xctest */ = {isa = PBXFileReference; explicitFileType = wrapper.cfbundle; includeInIndex = 0; path = MovieTimeUITests.xctest; sourceTree = BUILT_PRODUCTS_DIR; };
		023C8E251E2B265C007544E5 /* MovieTimeUITests.swift */ = {isa = PBXFileReference; lastKnownFileType = sourcecode.swift; path = MovieTimeUITests.swift; sourceTree = "<group>"; };
		023C8E271E2B265C007544E5 /* Info.plist */ = {isa = PBXFileReference; lastKnownFileType = text.plist.xml; path = Info.plist; sourceTree = "<group>"; };
/* End PBXFileReference section */

/* Begin PBXFrameworksBuildPhase section */
		023C8DFC1E2B265B007544E5 /* Frameworks */ = {
			isa = PBXFrameworksBuildPhase;
			buildActionMask = 2147483647;
			files = (
			);
			runOnlyForDeploymentPostprocessing = 0;
		};
		023C8E131E2B265C007544E5 /* Frameworks */ = {
			isa = PBXFrameworksBuildPhase;
			buildActionMask = 2147483647;
			files = (
			);
			runOnlyForDeploymentPostprocessing = 0;
		};
		023C8E1E1E2B265C007544E5 /* Frameworks */ = {
			isa = PBXFrameworksBuildPhase;
			buildActionMask = 2147483647;
			files = (
			);
			runOnlyForDeploymentPostprocessing = 0;
		};
/* End PBXFrameworksBuildPhase section */

/* Begin PBXGroup section */
		023C8DF61E2B265B007544E5 = {
			isa = PBXGroup;
			children = (
				023C8E011E2B265C007544E5 /* MovieTime */,
				023C8E191E2B265C007544E5 /* MovieTimeTests */,
				023C8E241E2B265C007544E5 /* MovieTimeUITests */,
				023C8E001E2B265C007544E5 /* Products */,
			);
			sourceTree = "<group>";
		};
		023C8E001E2B265C007544E5 /* Products */ = {
			isa = PBXGroup;
			children = (
				023C8DFF1E2B265C007544E5 /* MovieTime.app */,
				023C8E161E2B265C007544E5 /* MovieTimeTests.xctest */,
				023C8E211E2B265C007544E5 /* MovieTimeUITests.xctest */,
			);
			name = Products;
			sourceTree = "<group>";
		};
		023C8E011E2B265C007544E5 /* MovieTime */ = {
			isa = PBXGroup;
			children = (
				023C8E021E2B265C007544E5 /* AppDelegate.swift */,
				023C8E041E2B265C007544E5 /* ViewController.swift */,
				023C8E061E2B265C007544E5 /* Main.storyboard */,
				023C8E0C1E2B265C007544E5 /* Assets.xcassets */,
				023C8E0E1E2B265C007544E5 /* LaunchScreen.storyboard */,
				023C8E111E2B265C007544E5 /* Info.plist */,
				023C8E091E2B265C007544E5 /* MovieTime.xcdatamodeld */,
			);
			name = MovieTime;
			path = MovieTIme;
			sourceTree = "<group>";
		};
		023C8E191E2B265C007544E5 /* MovieTimeTests */ = {
			isa = PBXGroup;
			children = (
				023C8E1A1E2B265C007544E5 /* MovieTimeTests.swift */,
				023C8E1C1E2B265C007544E5 /* Info.plist */,
			);
			name = MovieTimeTests;
			path = MovieTImeTests;
			sourceTree = "<group>";
		};
		023C8E241E2B265C007544E5 /* MovieTimeUITests */ = {
			isa = PBXGroup;
			children = (
				023C8E251E2B265C007544E5 /* MovieTimeUITests.swift */,
				023C8E271E2B265C007544E5 /* Info.plist */,
			);
			name = MovieTimeUITests;
			path = MovieTImeUITests;
			sourceTree = "<group>";
		};
/* End PBXGroup section */

/* Begin PBXNativeTarget section */
		023C8DFE1E2B265B007544E5 /* MovieTime */ = {
			isa = PBXNativeTarget;
			buildConfigurationList = 023C8E2A1E2B265C007544E5 /* Build configuration list for PBXNativeTarget "MovieTime" */;
			buildPhases = (
				023C8DFB1E2B265B007544E5 /* Sources */,
				023C8DFC1E2B265B007544E5 /* Frameworks */,
				023C8DFD1E2B265B007544E5 /* Resources */,
			);
			buildRules = (
			);
			dependencies = (
			);
			name = MovieTime;
			productName = MovieTIme;
			productReference = 023C8DFF1E2B265C007544E5 /* MovieTime.app */;
			productType = "com.apple.product-type.application";
		};
		023C8E151E2B265C007544E5 /* MovieTimeTests */ = {
			isa = PBXNativeTarget;
			buildConfigurationList = 023C8E2D1E2B265C007544E5 /* Build configuration list for PBXNativeTarget "MovieTimeTests" */;
			buildPhases = (
				023C8E121E2B265C007544E5 /* Sources */,
				023C8E131E2B265C007544E5 /* Frameworks */,
				023C8E141E2B265C007544E5 /* Resources */,
			);
			buildRules = (
			);
			dependencies = (
				023C8E181E2B265C007544E5 /* PBXTargetDependency */,
			);
			name = MovieTimeTests;
			productName = MovieTImeTests;
			productReference = 023C8E161E2B265C007544E5 /* MovieTimeTests.xctest */;
			productType = "com.apple.product-type.bundle.unit-test";
		};
		023C8E201E2B265C007544E5 /* MovieTimeUITests */ = {
			isa = PBXNativeTarget;
			buildConfigurationList = 023C8E301E2B265C007544E5 /* Build configuration list for PBXNativeTarget "MovieTimeUITests" */;
			buildPhases = (
				023C8E1D1E2B265C007544E5 /* Sources */,
				023C8E1E1E2B265C007544E5 /* Frameworks */,
				023C8E1F1E2B265C007544E5 /* Resources */,
			);
			buildRules = (
			);
			dependencies = (
				023C8E231E2B265C007544E5 /* PBXTargetDependency */,
			);
			name = MovieTimeUITests;
			productName = MovieTImeUITests;
			productReference = 023C8E211E2B265C007544E5 /* MovieTimeUITests.xctest */;
			productType = "com.apple.product-type.bundle.ui-testing";
		};
/* End PBXNativeTarget section */

/* Begin PBXProject section */
		023C8DF71E2B265B007544E5 /* Project object */ = {
			isa = PBXProject;
			attributes = {
				LastSwiftUpdateCheck = 0820;
				LastUpgradeCheck = 0820;
				ORGANIZATIONNAME = "Brandon Sanchez";
				TargetAttributes = {
					023C8DFE1E2B265B007544E5 = {
						CreatedOnToolsVersion = 8.2.1;
						ProvisioningStyle = Automatic;
					};
					023C8E151E2B265C007544E5 = {
						CreatedOnToolsVersion = 8.2.1;
						ProvisioningStyle = Automatic;
						TestTargetID = 023C8DFE1E2B265B007544E5;
					};
					023C8E201E2B265C007544E5 = {
						CreatedOnToolsVersion = 8.2.1;
						ProvisioningStyle = Automatic;
						TestTargetID = 023C8DFE1E2B265B007544E5;
					};
				};
			};
			buildConfigurationList = 023C8DFA1E2B265B007544E5 /* Build configuration list for PBXProject "MovieTime" */;
			compatibilityVersion = "Xcode 3.2";
			developmentRegion = English;
			hasScannedForEncodings = 0;
			knownRegions = (
				en,
				Base,
			);
			mainGroup = 023C8DF61E2B265B007544E5;
			productRefGroup = 023C8E001E2B265C007544E5 /* Products */;
			projectDirPath = "";
			projectRoot = "";
			targets = (
				023C8DFE1E2B265B007544E5 /* MovieTime */,
				023C8E151E2B265C007544E5 /* MovieTimeTests */,
				023C8E201E2B265C007544E5 /* MovieTimeUITests */,
			);
		};
/* End PBXProject section */

/* Begin PBXResourcesBuildPhase section */
		023C8DFD1E2B265B007544E5 /* Resources */ = {
			isa = PBXResourcesBuildPhase;
			buildActionMask = 2147483647;
			files = (
				023C8E101E2B265C007544E5 /* LaunchScreen.storyboard in Resources */,
				023C8E0D1E2B265C007544E5 /* Assets.xcassets in Resources */,
				023C8E081E2B265C007544E5 /* Main.storyboard in Resources */,
			);
			runOnlyForDeploymentPostprocessing = 0;
		};
		023C8E141E2B265C007544E5 /* Resources */ = {
			isa = PBXResourcesBuildPhase;
			buildActionMask = 2147483647;
			files = (
			);
			runOnlyForDeploymentPostprocessing = 0;
		};
		023C8E1F1E2B265C007544E5 /* Resources */ = {
			isa = PBXResourcesBuildPhase;
			buildActionMask = 2147483647;
			files = (
			);
			runOnlyForDeploymentPostprocessing = 0;
		};
/* End PBXResourcesBuildPhase section */

/* Begin PBXSourcesBuildPhase section */
		023C8DFB1E2B265B007544E5 /* Sources */ = {
			isa = PBXSourcesBuildPhase;
			buildActionMask = 2147483647;
			files = (
				023C8E051E2B265C007544E5 /* ViewController.swift in Sources */,
				023C8E031E2B265C007544E5 /* AppDelegate.swift in Sources */,
				023C8E0B1E2B265C007544E5 /* MovieTime.xcdatamodeld in Sources */,
			);
			runOnlyForDeploymentPostprocessing = 0;
		};
		023C8E121E2B265C007544E5 /* Sources */ = {
			isa = PBXSourcesBuildPhase;
			buildActionMask = 2147483647;
			files = (
				023C8E1B1E2B265C007544E5 /* MovieTimeTests.swift in Sources */,
			);
			runOnlyForDeploymentPostprocessing = 0;
		};
		023C8E1D1E2B265C007544E5 /* Sources */ = {
			isa = PBXSourcesBuildPhase;
			buildActionMask = 2147483647;
			files = (
				023C8E261E2B265C007544E5 /* MovieTimeUITests.swift in Sources */,
			);
			runOnlyForDeploymentPostprocessing = 0;
		};
/* End PBXSourcesBuildPhase section */

/* Begin PBXTargetDependency section */
		023C8E181E2B265C007544E5 /* PBXTargetDependency */ = {
			isa = PBXTargetDependency;
			target = 023C8DFE1E2B265B007544E5 /* MovieTime */;
			targetProxy = 023C8E171E2B265C007544E5 /* PBXContainerItemProxy */;
		};
		023C8E231E2B265C007544E5 /* PBXTargetDependency */ = {
			isa = PBXTargetDependency;
			target = 023C8DFE1E2B265B007544E5 /* MovieTime */;
			targetProxy = 023C8E221E2B265C007544E5 /* PBXContainerItemProxy */;
		};
/* End PBXTargetDependency section */

/* Begin PBXVariantGroup section */
		023C8E061E2B265C007544E5 /* Main.storyboard */ = {
			isa = PBXVariantGroup;
			children = (
				023C8E071E2B265C007544E5 /* Base */,
			);
			name = Main.storyboard;
			sourceTree = "<group>";
		};
		023C8E0E1E2B265C007544E5 /* LaunchScreen.storyboard */ = {
			isa = PBXVariantGroup;
			children = (
				023C8E0F1E2B265C007544E5 /* Base */,
			);
			name = LaunchScreen.storyboard;
			sourceTree = "<group>";
		};
/* End PBXVariantGroup section */

/* Begin XCBuildConfiguration section */
		023C8E281E2B265C007544E5 /* Debug */ = {
			isa = XCBuildConfiguration;
			buildSettings = {
				ALWAYS_SEARCH_USER_PATHS = NO;
				CLANG_ANALYZER_NONNULL = YES;
				CLANG_CXX_LANGUAGE_STANDARD = "gnu++0x";
				CLANG_CXX_LIBRARY = "libc++";
				CLANG_ENABLE_MODULES = YES;
				CLANG_ENABLE_OBJC_ARC = YES;
				CLANG_WARN_BOOL_CONVERSION = YES;
				CLANG_WARN_CONSTANT_CONVERSION = YES;
				CLANG_WARN_DIRECT_OBJC_ISA_USAGE = YES_ERROR;
				CLANG_WARN_DOCUMENTATION_COMMENTS = YES;
				CLANG_WARN_EMPTY_BODY = YES;
				CLANG_WARN_ENUM_CONVERSION = YES;
				CLANG_WARN_INFINITE_RECURSION = YES;
				CLANG_WARN_INT_CONVERSION = YES;
				CLANG_WARN_OBJC_ROOT_CLASS = YES_ERROR;
				CLANG_WARN_SUSPICIOUS_MOVE = YES;
				CLANG_WARN_UNREACHABLE_CODE = YES;
				CLANG_WARN__DUPLICATE_METHOD_MATCH = YES;
				"CODE_SIGN_IDENTITY[sdk=iphoneos*]" = "iPhone Developer";
				COPY_PHASE_STRIP = NO;
				DEBUG_INFORMATION_FORMAT = dwarf;
				ENABLE_STRICT_OBJC_MSGSEND = YES;
				ENABLE_TESTABILITY = YES;
				GCC_C_LANGUAGE_STANDARD = gnu99;
				GCC_DYNAMIC_NO_PIC = NO;
				GCC_NO_COMMON_BLOCKS = YES;
				GCC_OPTIMIZATION_LEVEL = 0;
				GCC_PREPROCESSOR_DEFINITIONS = (
					"DEBUG=1",
					"$(inherited)",
				);
				GCC_WARN_64_TO_32_BIT_CONVERSION = YES;
				GCC_WARN_ABOUT_RETURN_TYPE = YES_ERROR;
				GCC_WARN_UNDECLARED_SELECTOR = YES;
				GCC_WARN_UNINITIALIZED_AUTOS = YES_AGGRESSIVE;
				GCC_WARN_UNUSED_FUNCTION = YES;
				GCC_WARN_UNUSED_VARIABLE = YES;
				IPHONEOS_DEPLOYMENT_TARGET = 10.2;
				MTL_ENABLE_DEBUG_INFO = YES;
				ONLY_ACTIVE_ARCH = YES;
				SDKROOT = iphoneos;
				SWIFT_ACTIVE_COMPILATION_CONDITIONS = DEBUG;
				SWIFT_OPTIMIZATION_LEVEL = "-Onone";
			};
			name = Debug;
		};
		023C8E291E2B265C007544E5 /* Release */ = {
			isa = XCBuildConfiguration;
			buildSettings = {
				ALWAYS_SEARCH_USER_PATHS = NO;
				CLANG_ANALYZER_NONNULL = YES;
				CLANG_CXX_LANGUAGE_STANDARD = "gnu++0x";
				CLANG_CXX_LIBRARY = "libc++";
				CLANG_ENABLE_MODULES = YES;
				CLANG_ENABLE_OBJC_ARC = YES;
				CLANG_WARN_BOOL_CONVERSION = YES;
				CLANG_WARN_CONSTANT_CONVERSION = YES;
				CLANG_WARN_DIRECT_OBJC_ISA_USAGE = YES_ERROR;
				CLANG_WARN_DOCUMENTATION_COMMENTS = YES;
				CLANG_WARN_EMPTY_BODY = YES;
				CLANG_WARN_ENUM_CONVERSION = YES;
				CLANG_WARN_INFINITE_RECURSION = YES;
				CLANG_WARN_INT_CONVERSION = YES;
				CLANG_WARN_OBJC_ROOT_CLASS = YES_ERROR;
				CLANG_WARN_SUSPICIOUS_MOVE = YES;
				CLANG_WARN_UNREACHABLE_CODE = YES;
				CLANG_WARN__DUPLICATE_METHOD_MATCH = YES;
				"CODE_SIGN_IDENTITY[sdk=iphoneos*]" = "iPhone Developer";
				COPY_PHASE_STRIP = NO;
				DEBUG_INFORMATION_FORMAT = "dwarf-with-dsym";
				ENABLE_NS_ASSERTIONS = NO;
				ENABLE_STRICT_OBJC_MSGSEND = YES;
				GCC_C_LANGUAGE_STANDARD = gnu99;
				GCC_NO_COMMON_BLOCKS = YES;
				GCC_WARN_64_TO_32_BIT_CONVERSION = YES;
				GCC_WARN_ABOUT_RETURN_TYPE = YES_ERROR;
				GCC_WARN_UNDECLARED_SELECTOR = YES;
				GCC_WARN_UNINITIALIZED_AUTOS = YES_AGGRESSIVE;
				GCC_WARN_UNUSED_FUNCTION = YES;
				GCC_WARN_UNUSED_VARIABLE = YES;
				IPHONEOS_DEPLOYMENT_TARGET = 10.2;
				MTL_ENABLE_DEBUG_INFO = NO;
				SDKROOT = iphoneos;
				SWIFT_OPTIMIZATION_LEVEL = "-Owholemodule";
				VALIDATE_PRODUCT = YES;
			};
			name = Release;
		};
		023C8E2B1E2B265C007544E5 /* Debug */ = {
			isa = XCBuildConfiguration;
			buildSettings = {
				ASSETCATALOG_COMPILER_APPICON_NAME = AppIcon;
				INFOPLIST_FILE = MovieTime/Info.plist;
				LD_RUNPATH_SEARCH_PATHS = "$(inherited) @executable_path/Frameworks";
				PRODUCT_BUNDLE_IDENTIFIER = Brandon.MovieTIme;
				PRODUCT_NAME = "$(TARGET_NAME)";
				SWIFT_VERSION = 3.0;
			};
			name = Debug;
		};
		023C8E2C1E2B265C007544E5 /* Release */ = {
			isa = XCBuildConfiguration;
			buildSettings = {
				ASSETCATALOG_COMPILER_APPICON_NAME = AppIcon;
				INFOPLIST_FILE = MovieTime/Info.plist;
				LD_RUNPATH_SEARCH_PATHS = "$(inherited) @executable_path/Frameworks";
				PRODUCT_BUNDLE_IDENTIFIER = Brandon.MovieTIme;
				PRODUCT_NAME = "$(TARGET_NAME)";
				SWIFT_VERSION = 3.0;
			};
			name = Release;
		};
		023C8E2E1E2B265C007544E5 /* Debug */ = {
			isa = XCBuildConfiguration;
			buildSettings = {
				ALWAYS_EMBED_SWIFT_STANDARD_LIBRARIES = YES;
				BUNDLE_LOADER = "$(TEST_HOST)";
				INFOPLIST_FILE = MovieTimeTests/Info.plist;
				LD_RUNPATH_SEARCH_PATHS = "$(inherited) @executable_path/Frameworks @loader_path/Frameworks";
				PRODUCT_BUNDLE_IDENTIFIER = Brandon.MovieTImeTests;
				PRODUCT_NAME = "$(TARGET_NAME)";
				SWIFT_VERSION = 3.0;
				TEST_HOST = "$(BUILT_PRODUCTS_DIR)/MovieTime.temp_caseinsensitive_rename.app/MovieTime.temp_caseinsensitive_rename";
			};
			name = Debug;
		};
		023C8E2F1E2B265C007544E5 /* Release */ = {
			isa = XCBuildConfiguration;
			buildSettings = {
				ALWAYS_EMBED_SWIFT_STANDARD_LIBRARIES = YES;
				BUNDLE_LOADER = "$(TEST_HOST)";
				INFOPLIST_FILE = MovieTimeTests/Info.plist;
				LD_RUNPATH_SEARCH_PATHS = "$(inherited) @executable_path/Frameworks @loader_path/Frameworks";
				PRODUCT_BUNDLE_IDENTIFIER = Brandon.MovieTImeTests;
				PRODUCT_NAME = "$(TARGET_NAME)";
				SWIFT_VERSION = 3.0;
				TEST_HOST = "$(BUILT_PRODUCTS_DIR)/MovieTime.temp_caseinsensitive_rename.app/MovieTime.temp_caseinsensitive_rename";
			};
			name = Release;
		};
		023C8E311E2B265C007544E5 /* Debug */ = {
			isa = XCBuildConfiguration;
			buildSettings = {
				ALWAYS_EMBED_SWIFT_STANDARD_LIBRARIES = YES;
				INFOPLIST_FILE = MovieTimeUITests/Info.plist;
				LD_RUNPATH_SEARCH_PATHS = "$(inherited) @executable_path/Frameworks @loader_path/Frameworks";
				PRODUCT_BUNDLE_IDENTIFIER = Brandon.MovieTImeUITests;
				PRODUCT_NAME = "$(TARGET_NAME)";
				SWIFT_VERSION = 3.0;
				TEST_TARGET_NAME = MovieTIme;
			};
			name = Debug;
		};
		023C8E321E2B265C007544E5 /* Release */ = {
			isa = XCBuildConfiguration;
			buildSettings = {
				ALWAYS_EMBED_SWIFT_STANDARD_LIBRARIES = YES;
				INFOPLIST_FILE = MovieTimeUITests/Info.plist;
				LD_RUNPATH_SEARCH_PATHS = "$(inherited) @executable_path/Frameworks @loader_path/Frameworks";
				PRODUCT_BUNDLE_IDENTIFIER = Brandon.MovieTImeUITests;
				PRODUCT_NAME = "$(TARGET_NAME)";
				SWIFT_VERSION = 3.0;
				TEST_TARGET_NAME = MovieTIme;
			};
			name = Release;
		};
/* End XCBuildConfiguration section */

/* Begin XCConfigurationList section */
		023C8DFA1E2B265B007544E5 /* Build configuration list for PBXProject "MovieTime" */ = {
			isa = XCConfigurationList;
			buildConfigurations = (
				023C8E281E2B265C007544E5 /* Debug */,
				023C8E291E2B265C007544E5 /* Release */,
			);
			defaultConfigurationIsVisible = 0;
			defaultConfigurationName = Release;
		};
		023C8E2A1E2B265C007544E5 /* Build configuration list for PBXNativeTarget "MovieTime" */ = {
			isa = XCConfigurationList;
			buildConfigurations = (
				023C8E2B1E2B265C007544E5 /* Debug */,
				023C8E2C1E2B265C007544E5 /* Release */,
			);
			defaultConfigurationIsVisible = 0;
			defaultConfigurationName = Release;
		};
		023C8E2D1E2B265C007544E5 /* Build configuration list for PBXNativeTarget "MovieTimeTests" */ = {
			isa = XCConfigurationList;
			buildConfigurations = (
				023C8E2E1E2B265C007544E5 /* Debug */,
				023C8E2F1E2B265C007544E5 /* Release */,
			);
			defaultConfigurationIsVisible = 0;
			defaultConfigurationName = Release;
		};
		023C8E301E2B265C007544E5 /* Build configuration list for PBXNativeTarget "MovieTimeUITests" */ = {
			isa = XCConfigurationList;
			buildConfigurations = (
				023C8E311E2B265C007544E5 /* Debug */,
				023C8E321E2B265C007544E5 /* Release */,
			);
			defaultConfigurationIsVisible = 0;
			defaultConfigurationName = Release;
		};
/* End XCConfigurationList section */

/* Begin XCVersionGroup section */
		023C8E091E2B265C007544E5 /* MovieTime.xcdatamodeld */ = {
			isa = XCVersionGroup;
			children = (
				023C8E0A1E2B265C007544E5 /* MovieTime.xcdatamodel */,
			);
			currentVersion = 023C8E0A1E2B265C007544E5 /* MovieTime.xcdatamodel */;
			path = MovieTime.xcdatamodeld;
			sourceTree = "<group>";
			versionGroupType = wrapper.xcdatamodel;
		};
/* End XCVersionGroup section */
	};
	rootObject = 023C8DF71E2B265B007544E5 /* Project object */;
}
