// !$*UTF8*$!
{
	archiveVersion = 1;
	classes = {
	};
	objectVersion = 46;
	objects = {

/* Begin PBXBuildFile section */
		020D890D1E2C02AB003BE2DC /* NetworkRequest.swift in Sources */ = {isa = PBXBuildFile; fileRef = 020D890C1E2C02AB003BE2DC /* NetworkRequest.swift */; };
		022880E11E47ABD20076270D /* GridFlowLayout.swift in Sources */ = {isa = PBXBuildFile; fileRef = 022880E01E47ABD20076270D /* GridFlowLayout.swift */; };
		022880E51E47ACA90076270D /* GridCell.swift in Sources */ = {isa = PBXBuildFile; fileRef = 022880E31E47ACA90076270D /* GridCell.swift */; };
		022880E61E47ACA90076270D /* GridCell.xib in Resources */ = {isa = PBXBuildFile; fileRef = 022880E41E47ACA90076270D /* GridCell.xib */; };
		022880E81E47AE810076270D /* ListFlowLayout.swift in Sources */ = {isa = PBXBuildFile; fileRef = 022880E71E47AE810076270D /* ListFlowLayout.swift */; };
		022880EB1E47AFDF0076270D /* ListCell.swift in Sources */ = {isa = PBXBuildFile; fileRef = 022880E91E47AFDF0076270D /* ListCell.swift */; };
		022880EC1E47AFDF0076270D /* ListCell.xib in Resources */ = {isa = PBXBuildFile; fileRef = 022880EA1E47AFDF0076270D /* ListCell.xib */; };
		022880EE1E47E4580076270D /* MaterialCard.swift in Sources */ = {isa = PBXBuildFile; fileRef = 022880ED1E47E4580076270D /* MaterialCard.swift */; };
		022F53761E2B3F4A004CB060 /* MoviesViewController.swift in Sources */ = {isa = PBXBuildFile; fileRef = 022F53751E2B3F4A004CB060 /* MoviesViewController.swift */; };
		022F537A1E2B5140004CB060 /* Movie.swift in Sources */ = {isa = PBXBuildFile; fileRef = 022F53791E2B5140004CB060 /* Movie.swift */; };
		023C8E031E2B265C007544E5 /* AppDelegate.swift in Sources */ = {isa = PBXBuildFile; fileRef = 023C8E021E2B265C007544E5 /* AppDelegate.swift */; };
		023C8E0B1E2B265C007544E5 /* MovieTime.xcdatamodeld in Sources */ = {isa = PBXBuildFile; fileRef = 023C8E091E2B265C007544E5 /* MovieTime.xcdatamodeld */; };
		023C8E0D1E2B265C007544E5 /* Assets.xcassets in Resources */ = {isa = PBXBuildFile; fileRef = 023C8E0C1E2B265C007544E5 /* Assets.xcassets */; };
		023C8E101E2B265C007544E5 /* LaunchScreen.storyboard in Resources */ = {isa = PBXBuildFile; fileRef = 023C8E0E1E2B265C007544E5 /* LaunchScreen.storyboard */; };
		023C8E1B1E2B265C007544E5 /* MovieTimeTests.swift in Sources */ = {isa = PBXBuildFile; fileRef = 023C8E1A1E2B265C007544E5 /* MovieTimeTests.swift */; };
		023C8E261E2B265C007544E5 /* MovieTimeUITests.swift in Sources */ = {isa = PBXBuildFile; fileRef = 023C8E251E2B265C007544E5 /* MovieTimeUITests.swift */; };
		0243F71D1E3305C4004ED56E /* Main.storyboard in Resources */ = {isa = PBXBuildFile; fileRef = 0243F71C1E3305C4004ED56E /* Main.storyboard */; };
		0243F71F1E330BCF004ED56E /* DetailViewController.swift in Sources */ = {isa = PBXBuildFile; fileRef = 0243F71E1E330BCF004ED56E /* DetailViewController.swift */; };
		026E38641E4A9FA80000037E /* CollectionViewExtensions.swift in Sources */ = {isa = PBXBuildFile; fileRef = 026E38631E4A9FA80000037E /* CollectionViewExtensions.swift */; };
		026E38661E4AA0DE0000037E /* GetMoviesExtension.swift in Sources */ = {isa = PBXBuildFile; fileRef = 026E38651E4AA0DE0000037E /* GetMoviesExtension.swift */; };
		026E38691E4AA3590000037E /* CustomRefreshExtension.swift in Sources */ = {isa = PBXBuildFile; fileRef = 026E38681E4AA3580000037E /* CustomRefreshExtension.swift */; };
		026E386C1E4BBF970000037E /* FlowTransition.swift in Sources */ = {isa = PBXBuildFile; fileRef = 026E386B1E4BBF970000037E /* FlowTransition.swift */; };
		026E386F1E4BC84F0000037E /* SearchControllerExtension.swift in Sources */ = {isa = PBXBuildFile; fileRef = 026E386E1E4BC84F0000037E /* SearchControllerExtension.swift */; };
		026E38711E4BC98F0000037E /* CollectionViewMethods.swift in Sources */ = {isa = PBXBuildFile; fileRef = 026E38701E4BC98F0000037E /* CollectionViewMethods.swift */; };
		02ED9D011E494EA400D02A34 /* CollectionViewProtocols.swift in Sources */ = {isa = PBXBuildFile; fileRef = 02ED9D001E494EA400D02A34 /* CollectionViewProtocols.swift */; };
		20CABC72CBB93166FFFA60C7 /* Pods_MovieTimeUITests.framework in Frameworks */ = {isa = PBXBuildFile; fileRef = C22E1CD81E7AA086564ABEA0 /* Pods_MovieTimeUITests.framework */; };
		23EC50636F004FDBA1A28034 /* Pods_MovieTime.framework in Frameworks */ = {isa = PBXBuildFile; fileRef = 84B41360B390B4DC300B3973 /* Pods_MovieTime.framework */; };
		30A6D2CFF637AF35FA8840D2 /* Pods_MovieTimeTests.framework in Frameworks */ = {isa = PBXBuildFile; fileRef = 2AD7CF76B285AEFF6ABFA875 /* Pods_MovieTimeTests.framework */; };
/* End PBXBuildFile section */

/* Begin PBXContainerItemProxy section */
		023C8E171E2B265C007544E5 /* PBXContainerItemProxy */ = {
			isa = PBXContainerItemProxy;
			containerPortal = 023C8DF71E2B265B007544E5 /* Project object */;
			proxyType = 1;
			remoteGlobalIDString = 023C8DFE1E2B265B007544E5;
			remoteInfo = MovieTIme;
		};
		023C8E221E2B265C007544E5 /* PBXContainerItemProxy */ = {
			isa = PBXContainerItemProxy;
			containerPortal = 023C8DF71E2B265B007544E5 /* Project object */;
			proxyType = 1;
			remoteGlobalIDString = 023C8DFE1E2B265B007544E5;
			remoteInfo = MovieTIme;
		};
/* End PBXContainerItemProxy section */

/* Begin PBXFileReference section */
		020D890C1E2C02AB003BE2DC /* NetworkRequest.swift */ = {isa = PBXFileReference; fileEncoding = 4; lastKnownFileType = sourcecode.swift; path = NetworkRequest.swift; sourceTree = "<group>"; };
		022880E01E47ABD20076270D /* GridFlowLayout.swift */ = {isa = PBXFileReference; fileEncoding = 4; lastKnownFileType = sourcecode.swift; name = GridFlowLayout.swift; path = MovieTime/GridFlowLayout.swift; sourceTree = SOURCE_ROOT; };
		022880E31E47ACA90076270D /* GridCell.swift */ = {isa = PBXFileReference; fileEncoding = 4; lastKnownFileType = sourcecode.swift; path = GridCell.swift; sourceTree = "<group>"; };
		022880E41E47ACA90076270D /* GridCell.xib */ = {isa = PBXFileReference; fileEncoding = 4; lastKnownFileType = file.xib; path = GridCell.xib; sourceTree = "<group>"; };
		022880E71E47AE810076270D /* ListFlowLayout.swift */ = {isa = PBXFileReference; fileEncoding = 4; lastKnownFileType = sourcecode.swift; path = ListFlowLayout.swift; sourceTree = "<group>"; };
		022880E91E47AFDF0076270D /* ListCell.swift */ = {isa = PBXFileReference; fileEncoding = 4; lastKnownFileType = sourcecode.swift; path = ListCell.swift; sourceTree = "<group>"; };
		022880EA1E47AFDF0076270D /* ListCell.xib */ = {isa = PBXFileReference; fileEncoding = 4; lastKnownFileType = file.xib; path = ListCell.xib; sourceTree = "<group>"; };
		022880ED1E47E4580076270D /* MaterialCard.swift */ = {isa = PBXFileReference; fileEncoding = 4; lastKnownFileType = sourcecode.swift; path = MaterialCard.swift; sourceTree = "<group>"; };
		022F53751E2B3F4A004CB060 /* MoviesViewController.swift */ = {isa = PBXFileReference; fileEncoding = 4; lastKnownFileType = sourcecode.swift; path = "\bMoviesViewController.swift"; sourceTree = "<group>"; };
		022F53791E2B5140004CB060 /* Movie.swift */ = {isa = PBXFileReference; fileEncoding = 4; lastKnownFileType = sourcecode.swift; path = Movie.swift; sourceTree = "<group>"; };
		023C8DFF1E2B265C007544E5 /* MovieTime.app */ = {isa = PBXFileReference; explicitFileType = wrapper.application; includeInIndex = 0; path = MovieTime.app; sourceTree = BUILT_PRODUCTS_DIR; };
		023C8E021E2B265C007544E5 /* AppDelegate.swift */ = {isa = PBXFileReference; lastKnownFileType = sourcecode.swift; path = AppDelegate.swift; sourceTree = "<group>"; };
		023C8E0A1E2B265C007544E5 /* MovieTime.xcdatamodel */ = {isa = PBXFileReference; lastKnownFileType = wrapper.xcdatamodel; path = MovieTime.xcdatamodel; sourceTree = "<group>"; };
		023C8E0C1E2B265C007544E5 /* Assets.xcassets */ = {isa = PBXFileReference; lastKnownFileType = folder.assetcatalog; path = Assets.xcassets; sourceTree = "<group>"; };
		023C8E0F1E2B265C007544E5 /* Base */ = {isa = PBXFileReference; lastKnownFileType = file.storyboard; name = Base; path = Base.lproj/LaunchScreen.storyboard; sourceTree = "<group>"; };
		023C8E111E2B265C007544E5 /* Info.plist */ = {isa = PBXFileReference; lastKnownFileType = text.plist.xml; path = Info.plist; sourceTree = "<group>"; };
		023C8E161E2B265C007544E5 /* MovieTimeTests.xctest */ = {isa = PBXFileReference; explicitFileType = wrapper.cfbundle; includeInIndex = 0; path = MovieTimeTests.xctest; sourceTree = BUILT_PRODUCTS_DIR; };
		023C8E1A1E2B265C007544E5 /* MovieTimeTests.swift */ = {isa = PBXFileReference; lastKnownFileType = sourcecode.swift; path = MovieTimeTests.swift; sourceTree = "<group>"; };
		023C8E1C1E2B265C007544E5 /* Info.plist */ = {isa = PBXFileReference; lastKnownFileType = text.plist.xml; path = Info.plist; sourceTree = "<group>"; };
		023C8E211E2B265C007544E5 /* MovieTimeUITests.xctest */ = {isa = PBXFileReference; explicitFileType = wrapper.cfbundle; includeInIndex = 0; path = MovieTimeUITests.xctest; sourceTree = BUILT_PRODUCTS_DIR; };
		023C8E251E2B265C007544E5 /* MovieTimeUITests.swift */ = {isa = PBXFileReference; lastKnownFileType = sourcecode.swift; path = MovieTimeUITests.swift; sourceTree = "<group>"; };
		023C8E271E2B265C007544E5 /* Info.plist */ = {isa = PBXFileReference; lastKnownFileType = text.plist.xml; path = Info.plist; sourceTree = "<group>"; };
		0243F71C1E3305C4004ED56E /* Main.storyboard */ = {isa = PBXFileReference; fileEncoding = 4; lastKnownFileType = file.storyboard; path = Main.storyboard; sourceTree = "<group>"; };
		0243F71E1E330BCF004ED56E /* DetailViewController.swift */ = {isa = PBXFileReference; fileEncoding = 4; lastKnownFileType = sourcecode.swift; path = DetailViewController.swift; sourceTree = "<group>"; };
		026E38631E4A9FA80000037E /* CollectionViewExtensions.swift */ = {isa = PBXFileReference; fileEncoding = 4; lastKnownFileType = sourcecode.swift; path = CollectionViewExtensions.swift; sourceTree = "<group>"; };
		026E38651E4AA0DE0000037E /* GetMoviesExtension.swift */ = {isa = PBXFileReference; fileEncoding = 4; lastKnownFileType = sourcecode.swift; path = GetMoviesExtension.swift; sourceTree = "<group>"; };
		026E38681E4AA3580000037E /* CustomRefreshExtension.swift */ = {isa = PBXFileReference; fileEncoding = 4; lastKnownFileType = sourcecode.swift; path = CustomRefreshExtension.swift; sourceTree = "<group>"; };
		026E386B1E4BBF970000037E /* FlowTransition.swift */ = {isa = PBXFileReference; fileEncoding = 4; lastKnownFileType = sourcecode.swift; path = FlowTransition.swift; sourceTree = "<group>"; };
		026E386E1E4BC84F0000037E /* SearchControllerExtension.swift */ = {isa = PBXFileReference; fileEncoding = 4; lastKnownFileType = sourcecode.swift; path = SearchControllerExtension.swift; sourceTree = "<group>"; };
		026E38701E4BC98F0000037E /* CollectionViewMethods.swift */ = {isa = PBXFileReference; fileEncoding = 4; lastKnownFileType = sourcecode.swift; path = CollectionViewMethods.swift; sourceTree = "<group>"; };
		02ED9D001E494EA400D02A34 /* CollectionViewProtocols.swift */ = {isa = PBXFileReference; fileEncoding = 4; lastKnownFileType = sourcecode.swift; path = CollectionViewProtocols.swift; sourceTree = "<group>"; };
		2AD7CF76B285AEFF6ABFA875 /* Pods_MovieTimeTests.framework */ = {isa = PBXFileReference; explicitFileType = wrapper.framework; includeInIndex = 0; path = Pods_MovieTimeTests.framework; sourceTree = BUILT_PRODUCTS_DIR; };
		706F96F84FC10FA274857697 /* Pods-MovieTime.release.xcconfig */ = {isa = PBXFileReference; includeInIndex = 1; lastKnownFileType = text.xcconfig; name = "Pods-MovieTime.release.xcconfig"; path = "Pods/Target Support Files/Pods-MovieTime/Pods-MovieTime.release.xcconfig"; sourceTree = "<group>"; };
		84B41360B390B4DC300B3973 /* Pods_MovieTime.framework */ = {isa = PBXFileReference; explicitFileType = wrapper.framework; includeInIndex = 0; path = Pods_MovieTime.framework; sourceTree = BUILT_PRODUCTS_DIR; };
		962E6CC93696A1B47B7DE8C0 /* Pods-MovieTime.debug.xcconfig */ = {isa = PBXFileReference; includeInIndex = 1; lastKnownFileType = text.xcconfig; name = "Pods-MovieTime.debug.xcconfig"; path = "Pods/Target Support Files/Pods-MovieTime/Pods-MovieTime.debug.xcconfig"; sourceTree = "<group>"; };
		A814341293FD235E40E46ADB /* Pods-MovieTimeUITests.debug.xcconfig */ = {isa = PBXFileReference; includeInIndex = 1; lastKnownFileType = text.xcconfig; name = "Pods-MovieTimeUITests.debug.xcconfig"; path = "Pods/Target Support Files/Pods-MovieTimeUITests/Pods-MovieTimeUITests.debug.xcconfig"; sourceTree = "<group>"; };
		AB40AECA074A04ADA1E470F5 /* Pods-MovieTimeTests.debug.xcconfig */ = {isa = PBXFileReference; includeInIndex = 1; lastKnownFileType = text.xcconfig; name = "Pods-MovieTimeTests.debug.xcconfig"; path = "Pods/Target Support Files/Pods-MovieTimeTests/Pods-MovieTimeTests.debug.xcconfig"; sourceTree = "<group>"; };
		C22E1CD81E7AA086564ABEA0 /* Pods_MovieTimeUITests.framework */ = {isa = PBXFileReference; explicitFileType = wrapper.framework; includeInIndex = 0; path = Pods_MovieTimeUITests.framework; sourceTree = BUILT_PRODUCTS_DIR; };
		C993B5753EFA37B565946020 /* Pods-MovieTimeUITests.release.xcconfig */ = {isa = PBXFileReference; includeInIndex = 1; lastKnownFileType = text.xcconfig; name = "Pods-MovieTimeUITests.release.xcconfig"; path = "Pods/Target Support Files/Pods-MovieTimeUITests/Pods-MovieTimeUITests.release.xcconfig"; sourceTree = "<group>"; };
		D8B20194DD956321437D0511 /* Pods-MovieTimeTests.release.xcconfig */ = {isa = PBXFileReference; includeInIndex = 1; lastKnownFileType = text.xcconfig; name = "Pods-MovieTimeTests.release.xcconfig"; path = "Pods/Target Support Files/Pods-MovieTimeTests/Pods-MovieTimeTests.release.xcconfig"; sourceTree = "<group>"; };
/* End PBXFileReference section */

/* Begin PBXFrameworksBuildPhase section */
		023C8DFC1E2B265B007544E5 /* Frameworks */ = {
			isa = PBXFrameworksBuildPhase;
			buildActionMask = 2147483647;
			files = (
				23EC50636F004FDBA1A28034 /* Pods_MovieTime.framework in Frameworks */,
			);
			runOnlyForDeploymentPostprocessing = 0;
		};
		023C8E131E2B265C007544E5 /* Frameworks */ = {
			isa = PBXFrameworksBuildPhase;
			buildActionMask = 2147483647;
			files = (
				30A6D2CFF637AF35FA8840D2 /* Pods_MovieTimeTests.framework in Frameworks */,
			);
			runOnlyForDeploymentPostprocessing = 0;
		};
		023C8E1E1E2B265C007544E5 /* Frameworks */ = {
			isa = PBXFrameworksBuildPhase;
			buildActionMask = 2147483647;
			files = (
				20CABC72CBB93166FFFA60C7 /* Pods_MovieTimeUITests.framework in Frameworks */,
			);
			runOnlyForDeploymentPostprocessing = 0;
		};
/* End PBXFrameworksBuildPhase section */

/* Begin PBXGroup section */
		022880DF1E47ABB80076270D /* CollectionViewFlowLayout */ = {
			isa = PBXGroup;
			children = (
				022880E01E47ABD20076270D /* GridFlowLayout.swift */,
				022880E71E47AE810076270D /* ListFlowLayout.swift */,
			);
			name = CollectionViewFlowLayout;
			sourceTree = "<group>";
		};
		022880E21E47AC900076270D /* CollectionViewCells */ = {
			isa = PBXGroup;
			children = (
				026E386A1E4BB67F0000037E /* Transition Extension */,
				022880E31E47ACA90076270D /* GridCell.swift */,
				022880E41E47ACA90076270D /* GridCell.xib */,
				022880E91E47AFDF0076270D /* ListCell.swift */,
				022880EA1E47AFDF0076270D /* ListCell.xib */,
				022880ED1E47E4580076270D /* MaterialCard.swift */,
			);
			name = CollectionViewCells;
			sourceTree = "<group>";
		};
		023C8DF61E2B265B007544E5 = {
			isa = PBXGroup;
			children = (
				023C8E011E2B265C007544E5 /* MovieTime */,
				023C8E191E2B265C007544E5 /* MovieTimeTests */,
				023C8E241E2B265C007544E5 /* MovieTimeUITests */,
				023C8E001E2B265C007544E5 /* Products */,
				D6A425C46B959897493ED4DF /* Pods */,
				962798C9F3EF9841A34C0AA1 /* Frameworks */,
			);
			sourceTree = "<group>";
		};
		023C8E001E2B265C007544E5 /* Products */ = {
			isa = PBXGroup;
			children = (
				023C8DFF1E2B265C007544E5 /* MovieTime.app */,
				023C8E161E2B265C007544E5 /* MovieTimeTests.xctest */,
				023C8E211E2B265C007544E5 /* MovieTimeUITests.xctest */,
			);
			name = Products;
			sourceTree = "<group>";
		};
		023C8E011E2B265C007544E5 /* MovieTime */ = {
			isa = PBXGroup;
			children = (
				02ED9CFF1E4944C100D02A34 /* ViewControllers */,
				026E386D1E4BC82D0000037E /* SearchControllerExtension */,
				026E38671E4AA33B0000037E /* Custom Refresh */,
				022880E21E47AC900076270D /* CollectionViewCells */,
				022880DF1E47ABB80076270D /* CollectionViewFlowLayout */,
				023C8E021E2B265C007544E5 /* AppDelegate.swift */,
				023C8E0C1E2B265C007544E5 /* Assets.xcassets */,
				0243F71C1E3305C4004ED56E /* Main.storyboard */,
				023C8E0E1E2B265C007544E5 /* LaunchScreen.storyboard */,
				023C8E111E2B265C007544E5 /* Info.plist */,
				023C8E091E2B265C007544E5 /* MovieTime.xcdatamodeld */,
				02ED9CFD1E4942DB00D02A34 /* Model */,
				02ED9CFE1E4942E500D02A34 /* Networking */,
				026E38621E4A9F880000037E /* Protocols and Extensions */,
			);
			name = MovieTime;
			path = MovieTIme;
			sourceTree = "<group>";
		};
		023C8E191E2B265C007544E5 /* MovieTimeTests */ = {
			isa = PBXGroup;
			children = (
				023C8E1A1E2B265C007544E5 /* MovieTimeTests.swift */,
				023C8E1C1E2B265C007544E5 /* Info.plist */,
			);
			name = MovieTimeTests;
			path = MovieTImeTests;
			sourceTree = "<group>";
		};
		023C8E241E2B265C007544E5 /* MovieTimeUITests */ = {
			isa = PBXGroup;
			children = (
				023C8E251E2B265C007544E5 /* MovieTimeUITests.swift */,
				023C8E271E2B265C007544E5 /* Info.plist */,
			);
			name = MovieTimeUITests;
			path = MovieTImeUITests;
			sourceTree = "<group>";
		};
		026E38621E4A9F880000037E /* Protocols and Extensions */ = {
			isa = PBXGroup;
			children = (
				02ED9D001E494EA400D02A34 /* CollectionViewProtocols.swift */,
				026E38631E4A9FA80000037E /* CollectionViewExtensions.swift */,
				026E38701E4BC98F0000037E /* CollectionViewMethods.swift */,
			);
			name = "Protocols and Extensions";
			sourceTree = "<group>";
		};
		026E38671E4AA33B0000037E /* Custom Refresh */ = {
			isa = PBXGroup;
			children = (
				026E38681E4AA3580000037E /* CustomRefreshExtension.swift */,
			);
			name = "Custom Refresh";
			sourceTree = "<group>";
		};
		026E386A1E4BB67F0000037E /* Transition Extension */ = {
			isa = PBXGroup;
			children = (
				026E386B1E4BBF970000037E /* FlowTransition.swift */,
			);
			name = "Transition Extension";
			sourceTree = "<group>";
		};
		026E386D1E4BC82D0000037E /* SearchControllerExtension */ = {
			isa = PBXGroup;
			children = (
				026E386E1E4BC84F0000037E /* SearchControllerExtension.swift */,
			);
			name = SearchControllerExtension;
			sourceTree = "<group>";
		};
		02ED9CFD1E4942DB00D02A34 /* Model */ = {
			isa = PBXGroup;
			children = (
				022F53791E2B5140004CB060 /* Movie.swift */,
			);
			name = Model;
			sourceTree = "<group>";
		};
		02ED9CFE1E4942E500D02A34 /* Networking */ = {
			isa = PBXGroup;
			children = (
				020D890C1E2C02AB003BE2DC /* NetworkRequest.swift */,
				026E38651E4AA0DE0000037E /* GetMoviesExtension.swift */,
			);
			name = Networking;
			sourceTree = "<group>";
		};
		02ED9CFF1E4944C100D02A34 /* ViewControllers */ = {
			isa = PBXGroup;
			children = (
				022F53751E2B3F4A004CB060 /* MoviesViewController.swift */,
				0243F71E1E330BCF004ED56E /* DetailViewController.swift */,
			);
			name = ViewControllers;
			sourceTree = "<group>";
		};
		962798C9F3EF9841A34C0AA1 /* Frameworks */ = {
			isa = PBXGroup;
			children = (
				84B41360B390B4DC300B3973 /* Pods_MovieTime.framework */,
				2AD7CF76B285AEFF6ABFA875 /* Pods_MovieTimeTests.framework */,
				C22E1CD81E7AA086564ABEA0 /* Pods_MovieTimeUITests.framework */,
			);
			name = Frameworks;
			sourceTree = "<group>";
		};
		D6A425C46B959897493ED4DF /* Pods */ = {
			isa = PBXGroup;
			children = (
				962E6CC93696A1B47B7DE8C0 /* Pods-MovieTime.debug.xcconfig */,
				706F96F84FC10FA274857697 /* Pods-MovieTime.release.xcconfig */,
				AB40AECA074A04ADA1E470F5 /* Pods-MovieTimeTests.debug.xcconfig */,
				D8B20194DD956321437D0511 /* Pods-MovieTimeTests.release.xcconfig */,
				A814341293FD235E40E46ADB /* Pods-MovieTimeUITests.debug.xcconfig */,
				C993B5753EFA37B565946020 /* Pods-MovieTimeUITests.release.xcconfig */,
			);
			name = Pods;
			sourceTree = "<group>";
		};
/* End PBXGroup section */

/* Begin PBXNativeTarget section */
		023C8DFE1E2B265B007544E5 /* MovieTime */ = {
			isa = PBXNativeTarget;
			buildConfigurationList = 023C8E2A1E2B265C007544E5 /* Build configuration list for PBXNativeTarget "MovieTime" */;
			buildPhases = (
				1C2481A18244736A20FD8C94 /* [CP] Check Pods Manifest.lock */,
				023C8DFB1E2B265B007544E5 /* Sources */,
				023C8DFC1E2B265B007544E5 /* Frameworks */,
				023C8DFD1E2B265B007544E5 /* Resources */,
				1D26D93B7977B22E19081D98 /* [CP] Embed Pods Frameworks */,
				5E8311AEA589530739AC1A42 /* [CP] Copy Pods Resources */,
			);
			buildRules = (
			);
			dependencies = (
			);
			name = MovieTime;
			productName = MovieTIme;
			productReference = 023C8DFF1E2B265C007544E5 /* MovieTime.app */;
			productType = "com.apple.product-type.application";
		};
		023C8E151E2B265C007544E5 /* MovieTimeTests */ = {
			isa = PBXNativeTarget;
			buildConfigurationList = 023C8E2D1E2B265C007544E5 /* Build configuration list for PBXNativeTarget "MovieTimeTests" */;
			buildPhases = (
				1BB8A30A3B6EDA3AE0285A9F /* [CP] Check Pods Manifest.lock */,
				023C8E121E2B265C007544E5 /* Sources */,
				023C8E131E2B265C007544E5 /* Frameworks */,
				023C8E141E2B265C007544E5 /* Resources */,
				5E9D5DFC1DD6C0FDAE886148 /* [CP] Embed Pods Frameworks */,
				1D13AAF7449D91E40EE1DFB1 /* [CP] Copy Pods Resources */,
			);
			buildRules = (
			);
			dependencies = (
				023C8E181E2B265C007544E5 /* PBXTargetDependency */,
			);
			name = MovieTimeTests;
			productName = MovieTImeTests;
			productReference = 023C8E161E2B265C007544E5 /* MovieTimeTests.xctest */;
			productType = "com.apple.product-type.bundle.unit-test";
		};
		023C8E201E2B265C007544E5 /* MovieTimeUITests */ = {
			isa = PBXNativeTarget;
			buildConfigurationList = 023C8E301E2B265C007544E5 /* Build configuration list for PBXNativeTarget "MovieTimeUITests" */;
			buildPhases = (
				21056D346DA7FF6587FB92B9 /* [CP] Check Pods Manifest.lock */,
				023C8E1D1E2B265C007544E5 /* Sources */,
				023C8E1E1E2B265C007544E5 /* Frameworks */,
				023C8E1F1E2B265C007544E5 /* Resources */,
				B2DA525649F57A6F2EDC2EAC /* [CP] Embed Pods Frameworks */,
				451CAF022EA5043134B86705 /* [CP] Copy Pods Resources */,
			);
			buildRules = (
			);
			dependencies = (
				023C8E231E2B265C007544E5 /* PBXTargetDependency */,
			);
			name = MovieTimeUITests;
			productName = MovieTImeUITests;
			productReference = 023C8E211E2B265C007544E5 /* MovieTimeUITests.xctest */;
			productType = "com.apple.product-type.bundle.ui-testing";
		};
/* End PBXNativeTarget section */

/* Begin PBXProject section */
		023C8DF71E2B265B007544E5 /* Project object */ = {
			isa = PBXProject;
			attributes = {
				LastSwiftUpdateCheck = 0820;
				LastUpgradeCheck = 0820;
				ORGANIZATIONNAME = "Brandon Sanchez";
				TargetAttributes = {
					023C8DFE1E2B265B007544E5 = {
						CreatedOnToolsVersion = 8.2.1;
						DevelopmentTeam = ELJV42N84Z;
						ProvisioningStyle = Automatic;
					};
					023C8E151E2B265C007544E5 = {
						CreatedOnToolsVersion = 8.2.1;
						ProvisioningStyle = Automatic;
						TestTargetID = 023C8DFE1E2B265B007544E5;
					};
					023C8E201E2B265C007544E5 = {
						CreatedOnToolsVersion = 8.2.1;
						ProvisioningStyle = Automatic;
						TestTargetID = 023C8DFE1E2B265B007544E5;
					};
				};
			};
			buildConfigurationList = 023C8DFA1E2B265B007544E5 /* Build configuration list for PBXProject "MovieTime" */;
			compatibilityVersion = "Xcode 3.2";
			developmentRegion = English;
			hasScannedForEncodings = 0;
			knownRegions = (
				en,
				Base,
			);
			mainGroup = 023C8DF61E2B265B007544E5;
			productRefGroup = 023C8E001E2B265C007544E5 /* Products */;
			projectDirPath = "";
			projectRoot = "";
			targets = (
				023C8DFE1E2B265B007544E5 /* MovieTime */,
				023C8E151E2B265C007544E5 /* MovieTimeTests */,
				023C8E201E2B265C007544E5 /* MovieTimeUITests */,
			);
		};
/* End PBXProject section */

/* Begin PBXResourcesBuildPhase section */
		023C8DFD1E2B265B007544E5 /* Resources */ = {
			isa = PBXResourcesBuildPhase;
			buildActionMask = 2147483647;
			files = (
				0243F71D1E3305C4004ED56E /* Main.storyboard in Resources */,
				023C8E101E2B265C007544E5 /* LaunchScreen.storyboard in Resources */,
				023C8E0D1E2B265C007544E5 /* Assets.xcassets in Resources */,
				022880E61E47ACA90076270D /* GridCell.xib in Resources */,
				022880EC1E47AFDF0076270D /* ListCell.xib in Resources */,
			);
			runOnlyForDeploymentPostprocessing = 0;
		};
		023C8E141E2B265C007544E5 /* Resources */ = {
			isa = PBXResourcesBuildPhase;
			buildActionMask = 2147483647;
			files = (
			);
			runOnlyForDeploymentPostprocessing = 0;
		};
		023C8E1F1E2B265C007544E5 /* Resources */ = {
			isa = PBXResourcesBuildPhase;
			buildActionMask = 2147483647;
			files = (
			);
			runOnlyForDeploymentPostprocessing = 0;
		};
/* End PBXResourcesBuildPhase section */

/* Begin PBXShellScriptBuildPhase section */
		1BB8A30A3B6EDA3AE0285A9F /* [CP] Check Pods Manifest.lock */ = {
			isa = PBXShellScriptBuildPhase;
			buildActionMask = 2147483647;
			files = (
			);
			inputPaths = (
			);
			name = "[CP] Check Pods Manifest.lock";
			outputPaths = (
			);
			runOnlyForDeploymentPostprocessing = 0;
			shellPath = /bin/sh;
			shellScript = "diff \"${PODS_ROOT}/../Podfile.lock\" \"${PODS_ROOT}/Manifest.lock\" > /dev/null\nif [ $? != 0 ] ; then\n    # print error to STDERR\n    echo \"error: The sandbox is not in sync with the Podfile.lock. Run 'pod install' or update your CocoaPods installation.\" >&2\n    exit 1\nfi\n";
			showEnvVarsInLog = 0;
		};
		1C2481A18244736A20FD8C94 /* [CP] Check Pods Manifest.lock */ = {
			isa = PBXShellScriptBuildPhase;
			buildActionMask = 2147483647;
			files = (
			);
			inputPaths = (
			);
			name = "[CP] Check Pods Manifest.lock";
			outputPaths = (
			);
			runOnlyForDeploymentPostprocessing = 0;
			shellPath = /bin/sh;
			shellScript = "diff \"${PODS_ROOT}/../Podfile.lock\" \"${PODS_ROOT}/Manifest.lock\" > /dev/null\nif [ $? != 0 ] ; then\n    # print error to STDERR\n    echo \"error: The sandbox is not in sync with the Podfile.lock. Run 'pod install' or update your CocoaPods installation.\" >&2\n    exit 1\nfi\n";
			showEnvVarsInLog = 0;
		};
		1D13AAF7449D91E40EE1DFB1 /* [CP] Copy Pods Resources */ = {
			isa = PBXShellScriptBuildPhase;
			buildActionMask = 2147483647;
			files = (
			);
			inputPaths = (
			);
			name = "[CP] Copy Pods Resources";
			outputPaths = (
			);
			runOnlyForDeploymentPostprocessing = 0;
			shellPath = /bin/sh;
			shellScript = "\"${SRCROOT}/Pods/Target Support Files/Pods-MovieTimeTests/Pods-MovieTimeTests-resources.sh\"\n";
			showEnvVarsInLog = 0;
		};
		1D26D93B7977B22E19081D98 /* [CP] Embed Pods Frameworks */ = {
			isa = PBXShellScriptBuildPhase;
			buildActionMask = 2147483647;
			files = (
			);
			inputPaths = (
			);
			name = "[CP] Embed Pods Frameworks";
			outputPaths = (
			);
			runOnlyForDeploymentPostprocessing = 0;
			shellPath = /bin/sh;
			shellScript = "\"${SRCROOT}/Pods/Target Support Files/Pods-MovieTime/Pods-MovieTime-frameworks.sh\"\n";
			showEnvVarsInLog = 0;
		};
		21056D346DA7FF6587FB92B9 /* [CP] Check Pods Manifest.lock */ = {
			isa = PBXShellScriptBuildPhase;
			buildActionMask = 2147483647;
			files = (
			);
			inputPaths = (
			);
			name = "[CP] Check Pods Manifest.lock";
			outputPaths = (
			);
			runOnlyForDeploymentPostprocessing = 0;
			shellPath = /bin/sh;
			shellScript = "diff \"${PODS_ROOT}/../Podfile.lock\" \"${PODS_ROOT}/Manifest.lock\" > /dev/null\nif [ $? != 0 ] ; then\n    # print error to STDERR\n    echo \"error: The sandbox is not in sync with the Podfile.lock. Run 'pod install' or update your CocoaPods installation.\" >&2\n    exit 1\nfi\n";
			showEnvVarsInLog = 0;
		};
		451CAF022EA5043134B86705 /* [CP] Copy Pods Resources */ = {
			isa = PBXShellScriptBuildPhase;
			buildActionMask = 2147483647;
			files = (
			);
			inputPaths = (
			);
			name = "[CP] Copy Pods Resources";
			outputPaths = (
			);
			runOnlyForDeploymentPostprocessing = 0;
			shellPath = /bin/sh;
			shellScript = "\"${SRCROOT}/Pods/Target Support Files/Pods-MovieTimeUITests/Pods-MovieTimeUITests-resources.sh\"\n";
			showEnvVarsInLog = 0;
		};
		5E8311AEA589530739AC1A42 /* [CP] Copy Pods Resources */ = {
			isa = PBXShellScriptBuildPhase;
			buildActionMask = 2147483647;
			files = (
			);
			inputPaths = (
			);
			name = "[CP] Copy Pods Resources";
			outputPaths = (
			);
			runOnlyForDeploymentPostprocessing = 0;
			shellPath = /bin/sh;
			shellScript = "\"${SRCROOT}/Pods/Target Support Files/Pods-MovieTime/Pods-MovieTime-resources.sh\"\n";
			showEnvVarsInLog = 0;
		};
		5E9D5DFC1DD6C0FDAE886148 /* [CP] Embed Pods Frameworks */ = {
			isa = PBXShellScriptBuildPhase;
			buildActionMask = 2147483647;
			files = (
			);
			inputPaths = (
			);
			name = "[CP] Embed Pods Frameworks";
			outputPaths = (
			);
			runOnlyForDeploymentPostprocessing = 0;
			shellPath = /bin/sh;
			shellScript = "\"${SRCROOT}/Pods/Target Support Files/Pods-MovieTimeTests/Pods-MovieTimeTests-frameworks.sh\"\n";
			showEnvVarsInLog = 0;
		};
		B2DA525649F57A6F2EDC2EAC /* [CP] Embed Pods Frameworks */ = {
			isa = PBXShellScriptBuildPhase;
			buildActionMask = 2147483647;
			files = (
			);
			inputPaths = (
			);
			name = "[CP] Embed Pods Frameworks";
			outputPaths = (
			);
			runOnlyForDeploymentPostprocessing = 0;
			shellPath = /bin/sh;
			shellScript = "\"${SRCROOT}/Pods/Target Support Files/Pods-MovieTimeUITests/Pods-MovieTimeUITests-frameworks.sh\"\n";
			showEnvVarsInLog = 0;
		};
/* End PBXShellScriptBuildPhase section */

/* Begin PBXSourcesBuildPhase section */
		023C8DFB1E2B265B007544E5 /* Sources */ = {
			isa = PBXSourcesBuildPhase;
			buildActionMask = 2147483647;
			files = (
				023C8E031E2B265C007544E5 /* AppDelegate.swift in Sources */,
				026E38641E4A9FA80000037E /* CollectionViewExtensions.swift in Sources */,
				026E386C1E4BBF970000037E /* FlowTransition.swift in Sources */,
				023C8E0B1E2B265C007544E5 /* MovieTime.xcdatamodeld in Sources */,
				02ED9D011E494EA400D02A34 /* CollectionViewProtocols.swift in Sources */,
				026E386F1E4BC84F0000037E /* SearchControllerExtension.swift in Sources */,
				022880E81E47AE810076270D /* ListFlowLayout.swift in Sources */,
				026E38661E4AA0DE0000037E /* GetMoviesExtension.swift in Sources */,
				022880E11E47ABD20076270D /* GridFlowLayout.swift in Sources */,
				022F53761E2B3F4A004CB060 /* MoviesViewController.swift in Sources */,
				022880EE1E47E4580076270D /* MaterialCard.swift in Sources */,
				022880EB1E47AFDF0076270D /* ListCell.swift in Sources */,
				022880E51E47ACA90076270D /* GridCell.swift in Sources */,
				026E38711E4BC98F0000037E /* CollectionViewMethods.swift in Sources */,
				020D890D1E2C02AB003BE2DC /* NetworkRequest.swift in Sources */,
				026E38691E4AA3590000037E /* CustomRefreshExtension.swift in Sources */,
				022F537A1E2B5140004CB060 /* Movie.swift in Sources */,
				0243F71F1E330BCF004ED56E /* DetailViewController.swift in Sources */,
			);
			runOnlyForDeploymentPostprocessing = 0;
		};
		023C8E121E2B265C007544E5 /* Sources */ = {
			isa = PBXSourcesBuildPhase;
			buildActionMask = 2147483647;
			files = (
				023C8E1B1E2B265C007544E5 /* MovieTimeTests.swift in Sources */,
			);
			runOnlyForDeploymentPostprocessing = 0;
		};
		023C8E1D1E2B265C007544E5 /* Sources */ = {
			isa = PBXSourcesBuildPhase;
			buildActionMask = 2147483647;
			files = (
				023C8E261E2B265C007544E5 /* MovieTimeUITests.swift in Sources */,
			);
			runOnlyForDeploymentPostprocessing = 0;
		};
/* End PBXSourcesBuildPhase section */

/* Begin PBXTargetDependency section */
		023C8E181E2B265C007544E5 /* PBXTargetDependency */ = {
			isa = PBXTargetDependency;
			target = 023C8DFE1E2B265B007544E5 /* MovieTime */;
			targetProxy = 023C8E171E2B265C007544E5 /* PBXContainerItemProxy */;
		};
		023C8E231E2B265C007544E5 /* PBXTargetDependency */ = {
			isa = PBXTargetDependency;
			target = 023C8DFE1E2B265B007544E5 /* MovieTime */;
			targetProxy = 023C8E221E2B265C007544E5 /* PBXContainerItemProxy */;
		};
/* End PBXTargetDependency section */

/* Begin PBXVariantGroup section */
		023C8E0E1E2B265C007544E5 /* LaunchScreen.storyboard */ = {
			isa = PBXVariantGroup;
			children = (
				023C8E0F1E2B265C007544E5 /* Base */,
			);
			name = LaunchScreen.storyboard;
			sourceTree = "<group>";
		};
/* End PBXVariantGroup section */

/* Begin XCBuildConfiguration section */
		023C8E281E2B265C007544E5 /* Debug */ = {
			isa = XCBuildConfiguration;
			buildSettings = {
				ALWAYS_SEARCH_USER_PATHS = NO;
				CLANG_ANALYZER_NONNULL = YES;
				CLANG_CXX_LANGUAGE_STANDARD = "gnu++0x";
				CLANG_CXX_LIBRARY = "libc++";
				CLANG_ENABLE_MODULES = YES;
				CLANG_ENABLE_OBJC_ARC = YES;
				CLANG_WARN_BOOL_CONVERSION = YES;
				CLANG_WARN_CONSTANT_CONVERSION = YES;
				CLANG_WARN_DIRECT_OBJC_ISA_USAGE = YES_ERROR;
				CLANG_WARN_DOCUMENTATION_COMMENTS = YES;
				CLANG_WARN_EMPTY_BODY = YES;
				CLANG_WARN_ENUM_CONVERSION = YES;
				CLANG_WARN_INFINITE_RECURSION = YES;
				CLANG_WARN_INT_CONVERSION = YES;
				CLANG_WARN_OBJC_ROOT_CLASS = YES_ERROR;
				CLANG_WARN_SUSPICIOUS_MOVE = YES;
				CLANG_WARN_UNREACHABLE_CODE = YES;
				CLANG_WARN__DUPLICATE_METHOD_MATCH = YES;
				"CODE_SIGN_IDENTITY[sdk=iphoneos*]" = "iPhone Developer";
				COPY_PHASE_STRIP = NO;
				DEBUG_INFORMATION_FORMAT = dwarf;
				ENABLE_STRICT_OBJC_MSGSEND = YES;
				ENABLE_TESTABILITY = YES;
				GCC_C_LANGUAGE_STANDARD = gnu99;
				GCC_DYNAMIC_NO_PIC = NO;
				GCC_NO_COMMON_BLOCKS = YES;
				GCC_OPTIMIZATION_LEVEL = 0;
				GCC_PREPROCESSOR_DEFINITIONS = (
					"DEBUG=1",
					"$(inherited)",
				);
				GCC_WARN_64_TO_32_BIT_CONVERSION = YES;
				GCC_WARN_ABOUT_RETURN_TYPE = YES_ERROR;
				GCC_WARN_UNDECLARED_SELECTOR = YES;
				GCC_WARN_UNINITIALIZED_AUTOS = YES_AGGRESSIVE;
				GCC_WARN_UNUSED_FUNCTION = YES;
				GCC_WARN_UNUSED_VARIABLE = YES;
				IPHONEOS_DEPLOYMENT_TARGET = 10.1;
				MTL_ENABLE_DEBUG_INFO = YES;
				ONLY_ACTIVE_ARCH = YES;
				SDKROOT = iphoneos;
				SWIFT_ACTIVE_COMPILATION_CONDITIONS = DEBUG;
				SWIFT_OPTIMIZATION_LEVEL = "-Onone";
			};
			name = Debug;
		};
		023C8E291E2B265C007544E5 /* Release */ = {
			isa = XCBuildConfiguration;
			buildSettings = {
				ALWAYS_SEARCH_USER_PATHS = NO;
				CLANG_ANALYZER_NONNULL = YES;
				CLANG_CXX_LANGUAGE_STANDARD = "gnu++0x";
				CLANG_CXX_LIBRARY = "libc++";
				CLANG_ENABLE_MODULES = YES;
				CLANG_ENABLE_OBJC_ARC = YES;
				CLANG_WARN_BOOL_CONVERSION = YES;
				CLANG_WARN_CONSTANT_CONVERSION = YES;
				CLANG_WARN_DIRECT_OBJC_ISA_USAGE = YES_ERROR;
				CLANG_WARN_DOCUMENTATION_COMMENTS = YES;
				CLANG_WARN_EMPTY_BODY = YES;
				CLANG_WARN_ENUM_CONVERSION = YES;
				CLANG_WARN_INFINITE_RECURSION = YES;
				CLANG_WARN_INT_CONVERSION = YES;
				CLANG_WARN_OBJC_ROOT_CLASS = YES_ERROR;
				CLANG_WARN_SUSPICIOUS_MOVE = YES;
				CLANG_WARN_UNREACHABLE_CODE = YES;
				CLANG_WARN__DUPLICATE_METHOD_MATCH = YES;
				"CODE_SIGN_IDENTITY[sdk=iphoneos*]" = "iPhone Developer";
				COPY_PHASE_STRIP = NO;
				DEBUG_INFORMATION_FORMAT = "dwarf-with-dsym";
				ENABLE_NS_ASSERTIONS = NO;
				ENABLE_STRICT_OBJC_MSGSEND = YES;
				GCC_C_LANGUAGE_STANDARD = gnu99;
				GCC_NO_COMMON_BLOCKS = YES;
				GCC_WARN_64_TO_32_BIT_CONVERSION = YES;
				GCC_WARN_ABOUT_RETURN_TYPE = YES_ERROR;
				GCC_WARN_UNDECLARED_SELECTOR = YES;
				GCC_WARN_UNINITIALIZED_AUTOS = YES_AGGRESSIVE;
				GCC_WARN_UNUSED_FUNCTION = YES;
				GCC_WARN_UNUSED_VARIABLE = YES;
				IPHONEOS_DEPLOYMENT_TARGET = 10.1;
				MTL_ENABLE_DEBUG_INFO = NO;
				SDKROOT = iphoneos;
				SWIFT_OPTIMIZATION_LEVEL = "-Owholemodule";
				VALIDATE_PRODUCT = YES;
			};
			name = Release;
		};
		023C8E2B1E2B265C007544E5 /* Debug */ = {
			isa = XCBuildConfiguration;
			baseConfigurationReference = 962E6CC93696A1B47B7DE8C0 /* Pods-MovieTime.debug.xcconfig */;
			buildSettings = {
				ASSETCATALOG_COMPILER_APPICON_NAME = AppIcon;
				DEVELOPMENT_TEAM = ELJV42N84Z;
				INFOPLIST_FILE = MovieTime/Info.plist;
				LD_RUNPATH_SEARCH_PATHS = "$(inherited) @executable_path/Frameworks";
				PRODUCT_BUNDLE_IDENTIFIER = Brandon.MovieTIme;
				PRODUCT_NAME = "$(TARGET_NAME)";
				SWIFT_VERSION = 3.0;
			};
			name = Debug;
		};
		023C8E2C1E2B265C007544E5 /* Release */ = {
			isa = XCBuildConfiguration;
			baseConfigurationReference = 706F96F84FC10FA274857697 /* Pods-MovieTime.release.xcconfig */;
			buildSettings = {
				ASSETCATALOG_COMPILER_APPICON_NAME = AppIcon;
				DEVELOPMENT_TEAM = ELJV42N84Z;
				INFOPLIST_FILE = MovieTime/Info.plist;
				LD_RUNPATH_SEARCH_PATHS = "$(inherited) @executable_path/Frameworks";
				PRODUCT_BUNDLE_IDENTIFIER = Brandon.MovieTIme;
				PRODUCT_NAME = "$(TARGET_NAME)";
				SWIFT_VERSION = 3.0;
			};
			name = Release;
		};
		023C8E2E1E2B265C007544E5 /* Debug */ = {
			isa = XCBuildConfiguration;
			baseConfigurationReference = AB40AECA074A04ADA1E470F5 /* Pods-MovieTimeTests.debug.xcconfig */;
			buildSettings = {
				ALWAYS_EMBED_SWIFT_STANDARD_LIBRARIES = YES;
				BUNDLE_LOADER = "$(TEST_HOST)";
				INFOPLIST_FILE = MovieTimeTests/Info.plist;
				LD_RUNPATH_SEARCH_PATHS = "$(inherited) @executable_path/Frameworks @loader_path/Frameworks";
				PRODUCT_BUNDLE_IDENTIFIER = Brandon.MovieTImeTests;
				PRODUCT_NAME = "$(TARGET_NAME)";
				SWIFT_VERSION = 3.0;
				TEST_HOST = "$(BUILT_PRODUCTS_DIR)/MovieTime.temp_caseinsensitive_rename.app/MovieTime.temp_caseinsensitive_rename";
			};
			name = Debug;
		};
		023C8E2F1E2B265C007544E5 /* Release */ = {
			isa = XCBuildConfiguration;
			baseConfigurationReference = D8B20194DD956321437D0511 /* Pods-MovieTimeTests.release.xcconfig */;
			buildSettings = {
				ALWAYS_EMBED_SWIFT_STANDARD_LIBRARIES = YES;
				BUNDLE_LOADER = "$(TEST_HOST)";
				INFOPLIST_FILE = MovieTimeTests/Info.plist;
				LD_RUNPATH_SEARCH_PATHS = "$(inherited) @executable_path/Frameworks @loader_path/Frameworks";
				PRODUCT_BUNDLE_IDENTIFIER = Brandon.MovieTImeTests;
				PRODUCT_NAME = "$(TARGET_NAME)";
				SWIFT_VERSION = 3.0;
				TEST_HOST = "$(BUILT_PRODUCTS_DIR)/MovieTime.temp_caseinsensitive_rename.app/MovieTime.temp_caseinsensitive_rename";
			};
			name = Release;
		};
		023C8E311E2B265C007544E5 /* Debug */ = {
			isa = XCBuildConfiguration;
			baseConfigurationReference = A814341293FD235E40E46ADB /* Pods-MovieTimeUITests.debug.xcconfig */;
			buildSettings = {
				ALWAYS_EMBED_SWIFT_STANDARD_LIBRARIES = YES;
				INFOPLIST_FILE = MovieTimeUITests/Info.plist;
				LD_RUNPATH_SEARCH_PATHS = "$(inherited) @executable_path/Frameworks @loader_path/Frameworks";
				PRODUCT_BUNDLE_IDENTIFIER = Brandon.MovieTImeUITests;
				PRODUCT_NAME = "$(TARGET_NAME)";
				SWIFT_VERSION = 3.0;
				TEST_TARGET_NAME = MovieTIme;
			};
			name = Debug;
		};
		023C8E321E2B265C007544E5 /* Release */ = {
			isa = XCBuildConfiguration;
			baseConfigurationReference = C993B5753EFA37B565946020 /* Pods-MovieTimeUITests.release.xcconfig */;
			buildSettings = {
				ALWAYS_EMBED_SWIFT_STANDARD_LIBRARIES = YES;
				INFOPLIST_FILE = MovieTimeUITests/Info.plist;
				LD_RUNPATH_SEARCH_PATHS = "$(inherited) @executable_path/Frameworks @loader_path/Frameworks";
				PRODUCT_BUNDLE_IDENTIFIER = Brandon.MovieTImeUITests;
				PRODUCT_NAME = "$(TARGET_NAME)";
				SWIFT_VERSION = 3.0;
				TEST_TARGET_NAME = MovieTIme;
			};
			name = Release;
		};
/* End XCBuildConfiguration section */

/* Begin XCConfigurationList section */
		023C8DFA1E2B265B007544E5 /* Build configuration list for PBXProject "MovieTime" */ = {
			isa = XCConfigurationList;
			buildConfigurations = (
				023C8E281E2B265C007544E5 /* Debug */,
				023C8E291E2B265C007544E5 /* Release */,
			);
			defaultConfigurationIsVisible = 0;
			defaultConfigurationName = Release;
		};
		023C8E2A1E2B265C007544E5 /* Build configuration list for PBXNativeTarget "MovieTime" */ = {
			isa = XCConfigurationList;
			buildConfigurations = (
				023C8E2B1E2B265C007544E5 /* Debug */,
				023C8E2C1E2B265C007544E5 /* Release */,
			);
			defaultConfigurationIsVisible = 0;
			defaultConfigurationName = Release;
		};
		023C8E2D1E2B265C007544E5 /* Build configuration list for PBXNativeTarget "MovieTimeTests" */ = {
			isa = XCConfigurationList;
			buildConfigurations = (
				023C8E2E1E2B265C007544E5 /* Debug */,
				023C8E2F1E2B265C007544E5 /* Release */,
			);
			defaultConfigurationIsVisible = 0;
			defaultConfigurationName = Release;
		};
		023C8E301E2B265C007544E5 /* Build configuration list for PBXNativeTarget "MovieTimeUITests" */ = {
			isa = XCConfigurationList;
			buildConfigurations = (
				023C8E311E2B265C007544E5 /* Debug */,
				023C8E321E2B265C007544E5 /* Release */,
			);
			defaultConfigurationIsVisible = 0;
			defaultConfigurationName = Release;
		};
/* End XCConfigurationList section */

/* Begin XCVersionGroup section */
		023C8E091E2B265C007544E5 /* MovieTime.xcdatamodeld */ = {
			isa = XCVersionGroup;
			children = (
				023C8E0A1E2B265C007544E5 /* MovieTime.xcdatamodel */,
			);
			currentVersion = 023C8E0A1E2B265C007544E5 /* MovieTime.xcdatamodel */;
			path = MovieTime.xcdatamodeld;
			sourceTree = "<group>";
			versionGroupType = wrapper.xcdatamodel;
		};
/* End XCVersionGroup section */
	};
	rootObject = 023C8DF71E2B265B007544E5 /* Project object */;
}
